
Microsoft Visual Studio Solution File, Format Version 12.00
# Visual Studio Version 17
VisualStudioVersion = 17.11.35327.3
MinimumVisualStudioVersion = 10.0.40219.1
Project("{FAE04EC0-301F-11D3-BF4B-00C04F79EFBC}") = "P5_1__714230061", "P5_1__714230061\P5_1__714230061.csproj", "{EE6CCED3-E089-4FFD-87EF-AF2D4D0935FA}"
EndProject
Global
	GlobalSection(SolutionConfigurationPlatforms) = preSolution
		Debug|Any CPU = Debug|Any CPU
		Release|Any CPU = Release|Any CPU
	EndGlobalSection
	GlobalSection(ProjectConfigurationPlatforms) = postSolution
		{EE6CCED3-E089-4FFD-87EF-AF2D4D0935FA}.Debug|Any CPU.ActiveCfg = Debug|Any CPU
		{EE6CCED3-E089-4FFD-87EF-AF2D4D0935FA}.Debug|Any CPU.Build.0 = Debug|Any CPU
		{EE6CCED3-E089-4FFD-87EF-AF2D4D0935FA}.Release|Any CPU.ActiveCfg = Release|Any CPU
		{EE6CCED3-E089-4FFD-87EF-AF2D4D0935FA}.Release|Any CPU.Build.0 = Release|Any CPU
	EndGlobalSection
	GlobalSection(SolutionProperties) = preSolution
		HideSolutionNode = FALSE
	EndGlobalSection
	GlobalSection(ExtensibilityGlobals) = postSolution
		SolutionGuid = {9686857C-8EE1-4855-9B60-C23054170BD2}
	EndGlobalSection
EndGlobal
