
Microsoft Visual Studio Solution File, Format Version 12.00
# Visual Studio Version 17
VisualStudioVersion = 17.11.35327.3
MinimumVisualStudioVersion = 10.0.40219.1
Project("{FAE04EC0-301F-11D3-BF4B-00C04F79EFBC}") = "P4_2_714230061", "P4_2_714230061\P4_2_714230061.csproj", "{24F64389-A34F-488A-A8FD-034FC7FAD52E}"
EndProject
Global
	GlobalSection(SolutionConfigurationPlatforms) = preSolution
		Debug|Any CPU = Debug|Any CPU
		Release|Any CPU = Release|Any CPU
	EndGlobalSection
	GlobalSection(ProjectConfigurationPlatforms) = postSolution
		{24F64389-A34F-488A-A8FD-034FC7FAD52E}.Debug|Any CPU.ActiveCfg = Debug|Any CPU
		{24F64389-A34F-488A-A8FD-034FC7FAD52E}.Debug|Any CPU.Build.0 = Debug|Any CPU
		{24F64389-A34F-488A-A8FD-034FC7FAD52E}.Release|Any CPU.ActiveCfg = Release|Any CPU
		{24F64389-A34F-488A-A8FD-034FC7FAD52E}.Release|Any CPU.Build.0 = Release|Any CPU
	EndGlobalSection
	GlobalSection(SolutionProperties) = preSolution
		HideSolutionNode = FALSE
	EndGlobalSection
	GlobalSection(ExtensibilityGlobals) = postSolution
		SolutionGuid = {848CA85E-BCB3-417F-BA0B-66472CFD3FA6}
	EndGlobalSection
EndGlobal
