
Microsoft Visual Studio Solution File, Format Version 12.00
# Visual Studio Version 17
VisualStudioVersion = 17.11.35327.3
MinimumVisualStudioVersion = 10.0.40219.1
Project("{FAE04EC0-301F-11D3-BF4B-00C04F79EFBC}") = "P6_3_714230061", "P6_3_714230061\P6_3_714230061.csproj", "{FA144FF2-6984-4A82-8CD4-73748C199EC2}"
EndProject
Global
	GlobalSection(SolutionConfigurationPlatforms) = preSolution
		Debug|Any CPU = Debug|Any CPU
		Release|Any CPU = Release|Any CPU
	EndGlobalSection
	GlobalSection(ProjectConfigurationPlatforms) = postSolution
		{FA144FF2-6984-4A82-8CD4-73748C199EC2}.Debug|Any CPU.ActiveCfg = Debug|Any CPU
		{FA144FF2-6984-4A82-8CD4-73748C199EC2}.Debug|Any CPU.Build.0 = Debug|Any CPU
		{FA144FF2-6984-4A82-8CD4-73748C199EC2}.Release|Any CPU.ActiveCfg = Release|Any CPU
		{FA144FF2-6984-4A82-8CD4-73748C199EC2}.Release|Any CPU.Build.0 = Release|Any CPU
	EndGlobalSection
	GlobalSection(SolutionProperties) = preSolution
		HideSolutionNode = FALSE
	EndGlobalSection
	GlobalSection(ExtensibilityGlobals) = postSolution
		SolutionGuid = {A32CA4B1-57E8-4B44-994F-64A7FC936E1E}
	EndGlobalSection
EndGlobal
